
Microsoft Visual Studio Solution File, Format Version 12.00
# Visual Studio 2012
Project("{FAE04EC0-301F-11D3-BF4B-00C04F79EFBC}") = "RadoService", "RadoService\RadoService.csproj", "{B9CA15D9-1DC2-4339-A982-7A15FF0892CC}"
EndProject
Project("{FAE04EC0-301F-11D3-BF4B-00C04F79EFBC}") = "RadoService.Tests", "RadoService.Tests\RadoService.Tests.csproj", "{F2B5551B-1899-44C2-8494-03401DF29266}"
EndProject
Project("{FAE04EC0-301F-11D3-BF4B-00C04F79EFBC}") = "RadoService.DAl", "RadoService.DAl\RadoService.DAl.csproj", "{756EC707-9F0B-4681-85EF-A8640E036ACC}"
EndProject
Global
	GlobalSection(SolutionConfigurationPlatforms) = preSolution
		Debug|Any CPU = Debug|Any CPU
		Release|Any CPU = Release|Any CPU
	EndGlobalSection
	GlobalSection(ProjectConfigurationPlatforms) = postSolution
		{B9CA15D9-1DC2-4339-A982-7A15FF0892CC}.Debug|Any CPU.ActiveCfg = Debug|Any CPU
		{B9CA15D9-1DC2-4339-A982-7A15FF0892CC}.Debug|Any CPU.Build.0 = Debug|Any CPU
		{B9CA15D9-1DC2-4339-A982-7A15FF0892CC}.Release|Any CPU.ActiveCfg = Release|Any CPU
		{B9CA15D9-1DC2-4339-A982-7A15FF0892CC}.Release|Any CPU.Build.0 = Release|Any CPU
		{F2B5551B-1899-44C2-8494-03401DF29266}.Debug|Any CPU.ActiveCfg = Debug|Any CPU
		{F2B5551B-1899-44C2-8494-03401DF29266}.Debug|Any CPU.Build.0 = Debug|Any CPU
		{F2B5551B-1899-44C2-8494-03401DF29266}.Release|Any CPU.ActiveCfg = Release|Any CPU
		{F2B5551B-1899-44C2-8494-03401DF29266}.Release|Any CPU.Build.0 = Release|Any CPU
		{756EC707-9F0B-4681-85EF-A8640E036ACC}.Debug|Any CPU.ActiveCfg = Debug|Any CPU
		{756EC707-9F0B-4681-85EF-A8640E036ACC}.Debug|Any CPU.Build.0 = Debug|Any CPU
		{756EC707-9F0B-4681-85EF-A8640E036ACC}.Release|Any CPU.ActiveCfg = Release|Any CPU
		{756EC707-9F0B-4681-85EF-A8640E036ACC}.Release|Any CPU.Build.0 = Release|Any CPU
	EndGlobalSection
	GlobalSection(SolutionProperties) = preSolution
		HideSolutionNode = FALSE
	EndGlobalSection
EndGlobal
